{
  "pins" : [
    {
      "identity" : "swifttoolbox",
      "kind" : "remoteSourceControl",
      "location" : "https://github.com/adamwulf/SwiftToolbox.git",
      "state" : {
        "branch" : "main",
        "revision" : "9a84ea4c66a35a02482610cec79a823a99036857"
      }
    }
  ],
  "version" : 2
}
