{
  "pins" : [
    {
      "identity" : "swifttoolbox",
      "kind" : "remoteSourceControl",
      "location" : "https://github.com/adamwulf/SwiftToolbox.git",
      "state" : {
        "branch" : "main",
        "revision" : "5bad50aedc978a200673eb1069f0930ef6c1c435"
      }
    }
  ],
  "version" : 2
}
