{
  "pins" : [
    {
      "identity" : "swifttoolbox",
      "kind" : "remoteSourceControl",
      "location" : "https://github.com/adamwulf/SwiftToolbox.git",
      "state" : {
        "branch" : "main",
        "revision" : "7b9c0e8e094cb1f700bce51e77df056b7956f744"
      }
    }
  ],
  "version" : 2
}
