{
  "pins" : [
    {
      "identity" : "swifttoolbox",
      "kind" : "remoteSourceControl",
      "location" : "https://github.com/adamwulf/SwiftToolbox.git",
      "state" : {
        "branch" : "main",
        "revision" : "ee6dabbedd8ea0c28799a269278380b722ad99ed"
      }
    }
  ],
  "version" : 2
}
