{
  "pins" : [
    {
      "identity" : "swifttoolbox",
      "kind" : "remoteSourceControl",
      "location" : "https://github.com/adamwulf/SwiftToolbox.git",
      "state" : {
        "branch" : "main",
        "revision" : "e562722f44cbc22bc3b637cac1cbb47e22f22577"
      }
    }
  ],
  "version" : 2
}
